// !$*UTF8*$!
{
	archiveVersion = 1;
	classes = {
	};
	objectVersion = 46;
	objects = {

/* Begin PBXBuildFile section */
		CEE9703D15B65CB300E5D16C /* main.c in Sources */ = {isa = PBXBuildFile; fileRef = CEE9703C15B65CB300E5D16C /* main.c */; };
		CEE9703F15B65CB300E5D16C /* ClassCertificate.1 in CopyFiles */ = {isa = PBXBuildFile; fileRef = CEE9703E15B65CB300E5D16C /* ClassCertificate.1 */; };
/* End PBXBuildFile section */

/* Begin PBXCopyFilesBuildPhase section */
		CEE9703615B65CB300E5D16C /* CopyFiles */ = {
			isa = PBXCopyFilesBuildPhase;
			buildActionMask = 2147483647;
			dstPath = /usr/share/man/man1/;
			dstSubfolderSpec = 0;
			files = (
				CEE9703F15B65CB300E5D16C /* ClassCertificate.1 in CopyFiles */,
			);
			runOnlyForDeploymentPostprocessing = 1;
		};
/* End PBXCopyFilesBuildPhase section */

/* Begin PBXFileReference section */
		CEE9703815B65CB300E5D16C /* ClassCertificate */ = {isa = PBXFileReference; explicitFileType = "compiled.mach-o.executable"; includeInIndex = 0; path = ClassCertificate; sourceTree = BUILT_PRODUCTS_DIR; };
		CEE9703C15B65CB300E5D16C /* main.c */ = {isa = PBXFileReference; lastKnownFileType = sourcecode.c.c; path = main.c; sourceTree = "<group>"; };
		CEE9703E15B65CB300E5D16C /* ClassCertificate.1 */ = {isa = PBXFileReference; lastKnownFileType = text.man; path = ClassCertificate.1; sourceTree = "<group>"; };
/* End PBXFileReference section */

/* Begin PBXFrameworksBuildPhase section */
		CEE9703515B65CB300E5D16C /* Frameworks */ = {
			isa = PBXFrameworksBuildPhase;
			buildActionMask = 2147483647;
			files = (
			);
			runOnlyForDeploymentPostprocessing = 0;
		};
/* End PBXFrameworksBuildPhase section */

/* Begin PBXGroup section */
		CEE9702D15B65CB300E5D16C = {
			isa = PBXGroup;
			children = (
				CEE9703B15B65CB300E5D16C /* ClassCertificate */,
				CEE9703915B65CB300E5D16C /* Products */,
			);
			sourceTree = "<group>";
		};
		CEE9703915B65CB300E5D16C /* Products */ = {
			isa = PBXGroup;
			children = (
				CEE9703815B65CB300E5D16C /* ClassCertificate */,
			);
			name = Products;
			sourceTree = "<group>";
		};
		CEE9703B15B65CB300E5D16C /* ClassCertificate */ = {
			isa = PBXGroup;
			children = (
				CEE9703C15B65CB300E5D16C /* main.c */,
				CEE9703E15B65CB300E5D16C /* ClassCertificate.1 */,
			);
			path = ClassCertificate;
			sourceTree = "<group>";
		};
/* End PBXGroup section */

/* Begin PBXNativeTarget section */
		CEE9703715B65CB300E5D16C /* ClassCertificate */ = {
			isa = PBXNativeTarget;
			buildConfigurationList = CEE9704215B65CB300E5D16C /* Build configuration list for PBXNativeTarget "ClassCertificate" */;
			buildPhases = (
				CEE9703415B65CB300E5D16C /* Sources */,
				CEE9703515B65CB300E5D16C /* Frameworks */,
				CEE9703615B65CB300E5D16C /* CopyFiles */,
			);
			buildRules = (
			);
			dependencies = (
			);
			name = ClassCertificate;
			productName = ClassCertificate;
			productReference = CEE9703815B65CB300E5D16C /* ClassCertificate */;
			productType = "com.apple.product-type.tool";
		};
/* End PBXNativeTarget section */

/* Begin PBXProject section */
		CEE9702F15B65CB300E5D16C /* Project object */ = {
			isa = PBXProject;
			attributes = {
				LastUpgradeCheck = 0430;
			};
			buildConfigurationList = CEE9703215B65CB300E5D16C /* Build configuration list for PBXProject "ClassCertificate" */;
			compatibilityVersion = "Xcode 3.2";
			developmentRegion = English;
			hasScannedForEncodings = 0;
			knownRegions = (
				en,
			);
			mainGroup = CEE9702D15B65CB300E5D16C;
			productRefGroup = CEE9703915B65CB300E5D16C /* Products */;
			projectDirPath = "";
			projectRoot = "";
			targets = (
				CEE9703715B65CB300E5D16C /* ClassCertificate */,
			);
		};
/* End PBXProject section */

/* Begin PBXSourcesBuildPhase section */
		CEE9703415B65CB300E5D16C /* Sources */ = {
			isa = PBXSourcesBuildPhase;
			buildActionMask = 2147483647;
			files = (
				CEE9703D15B65CB300E5D16C /* main.c in Sources */,
			);
			runOnlyForDeploymentPostprocessing = 0;
		};
/* End PBXSourcesBuildPhase section */

/* Begin XCBuildConfiguration section */
		CEE9704015B65CB300E5D16C /* Debug */ = {
			isa = XCBuildConfiguration;
			buildSettings = {
				ALWAYS_SEARCH_USER_PATHS = NO;
				ARCHS = "$(ARCHS_STANDARD_64_BIT)";
				CLANG_ENABLE_OBJC_ARC = YES;
				COPY_PHASE_STRIP = NO;
				GCC_C_LANGUAGE_STANDARD = gnu99;
				GCC_DYNAMIC_NO_PIC = NO;
				GCC_ENABLE_OBJC_EXCEPTIONS = YES;
				GCC_OPTIMIZATION_LEVEL = 0;
				GCC_PREPROCESSOR_DEFINITIONS = (
					"DEBUG=1",
					"$(inherited)",
				);
				GCC_SYMBOLS_PRIVATE_EXTERN = NO;
				GCC_VERSION = com.apple.compilers.llvm.clang.1_0;
				GCC_WARN_64_TO_32_BIT_CONVERSION = YES;
				GCC_WARN_ABOUT_RETURN_TYPE = YES;
				GCC_WARN_UNINITIALIZED_AUTOS = YES;
				GCC_WARN_UNUSED_VARIABLE = YES;
				MACOSX_DEPLOYMENT_TARGET = 10.7;
				ONLY_ACTIVE_ARCH = YES;
				SDKROOT = macosx;
			};
			name = Debug;
		};
		CEE9704115B65CB300E5D16C /* Release */ = {
			isa = XCBuildConfiguration;
			buildSettings = {
				ALWAYS_SEARCH_USER_PATHS = NO;
				ARCHS = "$(ARCHS_STANDARD_64_BIT)";
				CLANG_ENABLE_OBJC_ARC = YES;
				COPY_PHASE_STRIP = YES;
				DEBUG_INFORMATION_FORMAT = "dwarf-with-dsym";
				GCC_C_LANGUAGE_STANDARD = gnu99;
				GCC_ENABLE_OBJC_EXCEPTIONS = YES;
				GCC_VERSION = com.apple.compilers.llvm.clang.1_0;
				GCC_WARN_64_TO_32_BIT_CONVERSION = YES;
				GCC_WARN_ABOUT_RETURN_TYPE = YES;
				GCC_WARN_UNINITIALIZED_AUTOS = YES;
				GCC_WARN_UNUSED_VARIABLE = YES;
				MACOSX_DEPLOYMENT_TARGET = 10.7;
				SDKROOT = macosx;
			};
			name = Release;
		};
		CEE9704315B65CB300E5D16C /* Debug */ = {
			isa = XCBuildConfiguration;
			buildSettings = {
				PRODUCT_NAME = "$(TARGET_NAME)";
			};
			name = Debug;
		};
		CEE9704415B65CB300E5D16C /* Release */ = {
			isa = XCBuildConfiguration;
			buildSettings = {
				PRODUCT_NAME = "$(TARGET_NAME)";
			};
			name = Release;
		};
/* End XCBuildConfiguration section */

/* Begin XCConfigurationList section */
		CEE9703215B65CB300E5D16C /* Build configuration list for PBXProject "ClassCertificate" */ = {
			isa = XCConfigurationList;
			buildConfigurations = (
				CEE9704015B65CB300E5D16C /* Debug */,
				CEE9704115B65CB300E5D16C /* Release */,
			);
			defaultConfigurationIsVisible = 0;
			defaultConfigurationName = Release;
		};
		CEE9704215B65CB300E5D16C /* Build configuration list for PBXNativeTarget "ClassCertificate" */ = {
			isa = XCConfigurationList;
			buildConfigurations = (
				CEE9704315B65CB300E5D16C /* Debug */,
				CEE9704415B65CB300E5D16C /* Release */,
			);
			defaultConfigurationIsVisible = 0;
		};
/* End XCConfigurationList section */
	};
	rootObject = CEE9702F15B65CB300E5D16C /* Project object */;
}
