// !$*UTF8*$!
{
	archiveVersion = 1;
	classes = {
	};
	objectVersion = 46;
	objects = {

/* Begin PBXBuildFile section */
		CEC167BB1604E4AF00F125C7 /* Foundation.framework in Frameworks */ = {isa = PBXBuildFile; fileRef = CEC167BA1604E4AF00F125C7 /* Foundation.framework */; };
		CEC167BE1604E4AF00F125C7 /* main.m in Sources */ = {isa = PBXBuildFile; fileRef = CEC167BD1604E4AF00F125C7 /* main.m */; };
		CEC167C21604E4AF00F125C7 /* Chapter15Challenge.1 in CopyFiles */ = {isa = PBXBuildFile; fileRef = CEC167C11604E4AF00F125C7 /* Chapter15Challenge.1 */; };
/* End PBXBuildFile section */

/* Begin PBXCopyFilesBuildPhase section */
		CEC167B41604E4AF00F125C7 /* CopyFiles */ = {
			isa = PBXCopyFilesBuildPhase;
			buildActionMask = 2147483647;
			dstPath = /usr/share/man/man1/;
			dstSubfolderSpec = 0;
			files = (
				CEC167C21604E4AF00F125C7 /* Chapter15Challenge.1 in CopyFiles */,
			);
			runOnlyForDeploymentPostprocessing = 1;
		};
/* End PBXCopyFilesBuildPhase section */

/* Begin PBXFileReference section */
		CEC167B61604E4AF00F125C7 /* Chapter15Challenge */ = {isa = PBXFileReference; explicitFileType = "compiled.mach-o.executable"; includeInIndex = 0; path = Chapter15Challenge; sourceTree = BUILT_PRODUCTS_DIR; };
		CEC167BA1604E4AF00F125C7 /* Foundation.framework */ = {isa = PBXFileReference; lastKnownFileType = wrapper.framework; name = Foundation.framework; path = System/Library/Frameworks/Foundation.framework; sourceTree = SDKROOT; };
		CEC167BD1604E4AF00F125C7 /* main.m */ = {isa = PBXFileReference; lastKnownFileType = sourcecode.c.objc; path = main.m; sourceTree = "<group>"; };
		CEC167C01604E4AF00F125C7 /* Chapter15Challenge-Prefix.pch */ = {isa = PBXFileReference; lastKnownFileType = sourcecode.c.h; path = "Chapter15Challenge-Prefix.pch"; sourceTree = "<group>"; };
		CEC167C11604E4AF00F125C7 /* Chapter15Challenge.1 */ = {isa = PBXFileReference; lastKnownFileType = text.man; path = Chapter15Challenge.1; sourceTree = "<group>"; };
/* End PBXFileReference section */

/* Begin PBXFrameworksBuildPhase section */
		CEC167B31604E4AF00F125C7 /* Frameworks */ = {
			isa = PBXFrameworksBuildPhase;
			buildActionMask = 2147483647;
			files = (
				CEC167BB1604E4AF00F125C7 /* Foundation.framework in Frameworks */,
			);
			runOnlyForDeploymentPostprocessing = 0;
		};
/* End PBXFrameworksBuildPhase section */

/* Begin PBXGroup section */
		CEC167AB1604E4AF00F125C7 = {
			isa = PBXGroup;
			children = (
				CEC167BC1604E4AF00F125C7 /* Chapter15Challenge */,
				CEC167B91604E4AF00F125C7 /* Frameworks */,
				CEC167B71604E4AF00F125C7 /* Products */,
			);
			sourceTree = "<group>";
		};
		CEC167B71604E4AF00F125C7 /* Products */ = {
			isa = PBXGroup;
			children = (
				CEC167B61604E4AF00F125C7 /* Chapter15Challenge */,
			);
			name = Products;
			sourceTree = "<group>";
		};
		CEC167B91604E4AF00F125C7 /* Frameworks */ = {
			isa = PBXGroup;
			children = (
				CEC167BA1604E4AF00F125C7 /* Foundation.framework */,
			);
			name = Frameworks;
			sourceTree = "<group>";
		};
		CEC167BC1604E4AF00F125C7 /* Chapter15Challenge */ = {
			isa = PBXGroup;
			children = (
				CEC167BD1604E4AF00F125C7 /* main.m */,
				CEC167C11604E4AF00F125C7 /* Chapter15Challenge.1 */,
				CEC167BF1604E4AF00F125C7 /* Supporting Files */,
			);
			path = Chapter15Challenge;
			sourceTree = "<group>";
		};
		CEC167BF1604E4AF00F125C7 /* Supporting Files */ = {
			isa = PBXGroup;
			children = (
				CEC167C01604E4AF00F125C7 /* Chapter15Challenge-Prefix.pch */,
			);
			name = "Supporting Files";
			sourceTree = "<group>";
		};
/* End PBXGroup section */

/* Begin PBXNativeTarget section */
		CEC167B51604E4AF00F125C7 /* Chapter15Challenge */ = {
			isa = PBXNativeTarget;
			buildConfigurationList = CEC167C51604E4AF00F125C7 /* Build configuration list for PBXNativeTarget "Chapter15Challenge" */;
			buildPhases = (
				CEC167B21604E4AF00F125C7 /* Sources */,
				CEC167B31604E4AF00F125C7 /* Frameworks */,
				CEC167B41604E4AF00F125C7 /* CopyFiles */,
			);
			buildRules = (
			);
			dependencies = (
			);
			name = Chapter15Challenge;
			productName = Chapter15Challenge;
			productReference = CEC167B61604E4AF00F125C7 /* Chapter15Challenge */;
			productType = "com.apple.product-type.tool";
		};
/* End PBXNativeTarget section */

/* Begin PBXProject section */
		CEC167AD1604E4AF00F125C7 /* Project object */ = {
			isa = PBXProject;
			attributes = {
				LastUpgradeCheck = 0440;
				ORGANIZATIONNAME = com.acme;
			};
			buildConfigurationList = CEC167B01604E4AF00F125C7 /* Build configuration list for PBXProject "Chapter15Challenge" */;
			compatibilityVersion = "Xcode 3.2";
			developmentRegion = English;
			hasScannedForEncodings = 0;
			knownRegions = (
				en,
			);
			mainGroup = CEC167AB1604E4AF00F125C7;
			productRefGroup = CEC167B71604E4AF00F125C7 /* Products */;
			projectDirPath = "";
			projectRoot = "";
			targets = (
				CEC167B51604E4AF00F125C7 /* Chapter15Challenge */,
			);
		};
/* End PBXProject section */

/* Begin PBXSourcesBuildPhase section */
		CEC167B21604E4AF00F125C7 /* Sources */ = {
			isa = PBXSourcesBuildPhase;
			buildActionMask = 2147483647;
			files = (
				CEC167BE1604E4AF00F125C7 /* main.m in Sources */,
			);
			runOnlyForDeploymentPostprocessing = 0;
		};
/* End PBXSourcesBuildPhase section */

/* Begin XCBuildConfiguration section */
		CEC167C31604E4AF00F125C7 /* Debug */ = {
			isa = XCBuildConfiguration;
			buildSettings = {
				ALWAYS_SEARCH_USER_PATHS = NO;
				ARCHS = "$(ARCHS_STANDARD_64_BIT)";
				CLANG_CXX_LANGUAGE_STANDARD = "gnu++0x";
				CLANG_ENABLE_OBJC_ARC = YES;
				CLANG_WARN__DUPLICATE_METHOD_MATCH = YES;
				COPY_PHASE_STRIP = NO;
				GCC_C_LANGUAGE_STANDARD = gnu99;
				GCC_DYNAMIC_NO_PIC = NO;
				GCC_ENABLE_OBJC_EXCEPTIONS = YES;
				GCC_OPTIMIZATION_LEVEL = 0;
				GCC_PREPROCESSOR_DEFINITIONS = (
					"DEBUG=1",
					"$(inherited)",
				);
				GCC_SYMBOLS_PRIVATE_EXTERN = NO;
				GCC_WARN_64_TO_32_BIT_CONVERSION = YES;
				GCC_WARN_ABOUT_RETURN_TYPE = YES;
				GCC_WARN_UNINITIALIZED_AUTOS = YES;
				GCC_WARN_UNUSED_VARIABLE = YES;
				MACOSX_DEPLOYMENT_TARGET = 10.7;
				ONLY_ACTIVE_ARCH = YES;
				SDKROOT = macosx;
			};
			name = Debug;
		};
		CEC167C41604E4AF00F125C7 /* Release */ = {
			isa = XCBuildConfiguration;
			buildSettings = {
				ALWAYS_SEARCH_USER_PATHS = NO;
				ARCHS = "$(ARCHS_STANDARD_64_BIT)";
				CLANG_CXX_LANGUAGE_STANDARD = "gnu++0x";
				CLANG_ENABLE_OBJC_ARC = YES;
				CLANG_WARN__DUPLICATE_METHOD_MATCH = YES;
				COPY_PHASE_STRIP = YES;
				DEBUG_INFORMATION_FORMAT = "dwarf-with-dsym";
				GCC_C_LANGUAGE_STANDARD = gnu99;
				GCC_ENABLE_OBJC_EXCEPTIONS = YES;
				GCC_WARN_64_TO_32_BIT_CONVERSION = YES;
				GCC_WARN_ABOUT_RETURN_TYPE = YES;
				GCC_WARN_UNINITIALIZED_AUTOS = YES;
				GCC_WARN_UNUSED_VARIABLE = YES;
				MACOSX_DEPLOYMENT_TARGET = 10.7;
				SDKROOT = macosx;
			};
			name = Release;
		};
		CEC167C61604E4AF00F125C7 /* Debug */ = {
			isa = XCBuildConfiguration;
			buildSettings = {
				GCC_PRECOMPILE_PREFIX_HEADER = YES;
				GCC_PREFIX_HEADER = "Chapter15Challenge/Chapter15Challenge-Prefix.pch";
				PRODUCT_NAME = "$(TARGET_NAME)";
			};
			name = Debug;
		};
		CEC167C71604E4AF00F125C7 /* Release */ = {
			isa = XCBuildConfiguration;
			buildSettings = {
				GCC_PRECOMPILE_PREFIX_HEADER = YES;
				GCC_PREFIX_HEADER = "Chapter15Challenge/Chapter15Challenge-Prefix.pch";
				PRODUCT_NAME = "$(TARGET_NAME)";
			};
			name = Release;
		};
/* End XCBuildConfiguration section */

/* Begin XCConfigurationList section */
		CEC167B01604E4AF00F125C7 /* Build configuration list for PBXProject "Chapter15Challenge" */ = {
			isa = XCConfigurationList;
			buildConfigurations = (
				CEC167C31604E4AF00F125C7 /* Debug */,
				CEC167C41604E4AF00F125C7 /* Release */,
			);
			defaultConfigurationIsVisible = 0;
			defaultConfigurationName = Release;
		};
		CEC167C51604E4AF00F125C7 /* Build configuration list for PBXNativeTarget "Chapter15Challenge" */ = {
			isa = XCConfigurationList;
			buildConfigurations = (
				CEC167C61604E4AF00F125C7 /* Debug */,
				CEC167C71604E4AF00F125C7 /* Release */,
			);
			defaultConfigurationIsVisible = 0;
		};
/* End XCConfigurationList section */
	};
	rootObject = CEC167AD1604E4AF00F125C7 /* Project object */;
}
