// !$*UTF8*$!
{
	archiveVersion = 1;
	classes = {
	};
	objectVersion = 46;
	objects = {

/* Begin PBXBuildFile section */
		CEC1679E1604DDEF00F125C7 /* Foundation.framework in Frameworks */ = {isa = PBXBuildFile; fileRef = CEC1679D1604DDEF00F125C7 /* Foundation.framework */; };
		CEC167A11604DDEF00F125C7 /* main.m in Sources */ = {isa = PBXBuildFile; fileRef = CEC167A01604DDEF00F125C7 /* main.m */; };
		CEC167A51604DDEF00F125C7 /* DateList.1 in CopyFiles */ = {isa = PBXBuildFile; fileRef = CEC167A41604DDEF00F125C7 /* DateList.1 */; };
/* End PBXBuildFile section */

/* Begin PBXCopyFilesBuildPhase section */
		CEC167971604DDEF00F125C7 /* CopyFiles */ = {
			isa = PBXCopyFilesBuildPhase;
			buildActionMask = 2147483647;
			dstPath = /usr/share/man/man1/;
			dstSubfolderSpec = 0;
			files = (
				CEC167A51604DDEF00F125C7 /* DateList.1 in CopyFiles */,
			);
			runOnlyForDeploymentPostprocessing = 1;
		};
/* End PBXCopyFilesBuildPhase section */

/* Begin PBXFileReference section */
		CEC167991604DDEF00F125C7 /* DateList */ = {isa = PBXFileReference; explicitFileType = "compiled.mach-o.executable"; includeInIndex = 0; path = DateList; sourceTree = BUILT_PRODUCTS_DIR; };
		CEC1679D1604DDEF00F125C7 /* Foundation.framework */ = {isa = PBXFileReference; lastKnownFileType = wrapper.framework; name = Foundation.framework; path = System/Library/Frameworks/Foundation.framework; sourceTree = SDKROOT; };
		CEC167A01604DDEF00F125C7 /* main.m */ = {isa = PBXFileReference; lastKnownFileType = sourcecode.c.objc; path = main.m; sourceTree = "<group>"; };
		CEC167A31604DDEF00F125C7 /* DateList-Prefix.pch */ = {isa = PBXFileReference; lastKnownFileType = sourcecode.c.h; path = "DateList-Prefix.pch"; sourceTree = "<group>"; };
		CEC167A41604DDEF00F125C7 /* DateList.1 */ = {isa = PBXFileReference; lastKnownFileType = text.man; path = DateList.1; sourceTree = "<group>"; };
/* End PBXFileReference section */

/* Begin PBXFrameworksBuildPhase section */
		CEC167961604DDEF00F125C7 /* Frameworks */ = {
			isa = PBXFrameworksBuildPhase;
			buildActionMask = 2147483647;
			files = (
				CEC1679E1604DDEF00F125C7 /* Foundation.framework in Frameworks */,
			);
			runOnlyForDeploymentPostprocessing = 0;
		};
/* End PBXFrameworksBuildPhase section */

/* Begin PBXGroup section */
		CEC1678E1604DDEF00F125C7 = {
			isa = PBXGroup;
			children = (
				CEC1679F1604DDEF00F125C7 /* DateList */,
				CEC1679C1604DDEF00F125C7 /* Frameworks */,
				CEC1679A1604DDEF00F125C7 /* Products */,
			);
			sourceTree = "<group>";
		};
		CEC1679A1604DDEF00F125C7 /* Products */ = {
			isa = PBXGroup;
			children = (
				CEC167991604DDEF00F125C7 /* DateList */,
			);
			name = Products;
			sourceTree = "<group>";
		};
		CEC1679C1604DDEF00F125C7 /* Frameworks */ = {
			isa = PBXGroup;
			children = (
				CEC1679D1604DDEF00F125C7 /* Foundation.framework */,
			);
			name = Frameworks;
			sourceTree = "<group>";
		};
		CEC1679F1604DDEF00F125C7 /* DateList */ = {
			isa = PBXGroup;
			children = (
				CEC167A01604DDEF00F125C7 /* main.m */,
				CEC167A41604DDEF00F125C7 /* DateList.1 */,
				CEC167A21604DDEF00F125C7 /* Supporting Files */,
			);
			path = DateList;
			sourceTree = "<group>";
		};
		CEC167A21604DDEF00F125C7 /* Supporting Files */ = {
			isa = PBXGroup;
			children = (
				CEC167A31604DDEF00F125C7 /* DateList-Prefix.pch */,
			);
			name = "Supporting Files";
			sourceTree = "<group>";
		};
/* End PBXGroup section */

/* Begin PBXNativeTarget section */
		CEC167981604DDEF00F125C7 /* DateList */ = {
			isa = PBXNativeTarget;
			buildConfigurationList = CEC167A81604DDEF00F125C7 /* Build configuration list for PBXNativeTarget "DateList" */;
			buildPhases = (
				CEC167951604DDEF00F125C7 /* Sources */,
				CEC167961604DDEF00F125C7 /* Frameworks */,
				CEC167971604DDEF00F125C7 /* CopyFiles */,
			);
			buildRules = (
			);
			dependencies = (
			);
			name = DateList;
			productName = DateList;
			productReference = CEC167991604DDEF00F125C7 /* DateList */;
			productType = "com.apple.product-type.tool";
		};
/* End PBXNativeTarget section */

/* Begin PBXProject section */
		CEC167901604DDEF00F125C7 /* Project object */ = {
			isa = PBXProject;
			attributes = {
				LastUpgradeCheck = 0440;
				ORGANIZATIONNAME = com.acme;
			};
			buildConfigurationList = CEC167931604DDEF00F125C7 /* Build configuration list for PBXProject "DateList" */;
			compatibilityVersion = "Xcode 3.2";
			developmentRegion = English;
			hasScannedForEncodings = 0;
			knownRegions = (
				en,
			);
			mainGroup = CEC1678E1604DDEF00F125C7;
			productRefGroup = CEC1679A1604DDEF00F125C7 /* Products */;
			projectDirPath = "";
			projectRoot = "";
			targets = (
				CEC167981604DDEF00F125C7 /* DateList */,
			);
		};
/* End PBXProject section */

/* Begin PBXSourcesBuildPhase section */
		CEC167951604DDEF00F125C7 /* Sources */ = {
			isa = PBXSourcesBuildPhase;
			buildActionMask = 2147483647;
			files = (
				CEC167A11604DDEF00F125C7 /* main.m in Sources */,
			);
			runOnlyForDeploymentPostprocessing = 0;
		};
/* End PBXSourcesBuildPhase section */

/* Begin XCBuildConfiguration section */
		CEC167A61604DDEF00F125C7 /* Debug */ = {
			isa = XCBuildConfiguration;
			buildSettings = {
				ALWAYS_SEARCH_USER_PATHS = NO;
				ARCHS = "$(ARCHS_STANDARD_64_BIT)";
				CLANG_CXX_LANGUAGE_STANDARD = "gnu++0x";
				CLANG_ENABLE_OBJC_ARC = YES;
				CLANG_WARN__DUPLICATE_METHOD_MATCH = YES;
				COPY_PHASE_STRIP = NO;
				GCC_C_LANGUAGE_STANDARD = gnu99;
				GCC_DYNAMIC_NO_PIC = NO;
				GCC_ENABLE_OBJC_EXCEPTIONS = YES;
				GCC_OPTIMIZATION_LEVEL = 0;
				GCC_PREPROCESSOR_DEFINITIONS = (
					"DEBUG=1",
					"$(inherited)",
				);
				GCC_SYMBOLS_PRIVATE_EXTERN = NO;
				GCC_WARN_64_TO_32_BIT_CONVERSION = YES;
				GCC_WARN_ABOUT_RETURN_TYPE = YES;
				GCC_WARN_UNINITIALIZED_AUTOS = YES;
				GCC_WARN_UNUSED_VARIABLE = YES;
				MACOSX_DEPLOYMENT_TARGET = 10.7;
				ONLY_ACTIVE_ARCH = YES;
				SDKROOT = macosx;
			};
			name = Debug;
		};
		CEC167A71604DDEF00F125C7 /* Release */ = {
			isa = XCBuildConfiguration;
			buildSettings = {
				ALWAYS_SEARCH_USER_PATHS = NO;
				ARCHS = "$(ARCHS_STANDARD_64_BIT)";
				CLANG_CXX_LANGUAGE_STANDARD = "gnu++0x";
				CLANG_ENABLE_OBJC_ARC = YES;
				CLANG_WARN__DUPLICATE_METHOD_MATCH = YES;
				COPY_PHASE_STRIP = YES;
				DEBUG_INFORMATION_FORMAT = "dwarf-with-dsym";
				GCC_C_LANGUAGE_STANDARD = gnu99;
				GCC_ENABLE_OBJC_EXCEPTIONS = YES;
				GCC_WARN_64_TO_32_BIT_CONVERSION = YES;
				GCC_WARN_ABOUT_RETURN_TYPE = YES;
				GCC_WARN_UNINITIALIZED_AUTOS = YES;
				GCC_WARN_UNUSED_VARIABLE = YES;
				MACOSX_DEPLOYMENT_TARGET = 10.7;
				SDKROOT = macosx;
			};
			name = Release;
		};
		CEC167A91604DDEF00F125C7 /* Debug */ = {
			isa = XCBuildConfiguration;
			buildSettings = {
				GCC_PRECOMPILE_PREFIX_HEADER = YES;
				GCC_PREFIX_HEADER = "DateList/DateList-Prefix.pch";
				PRODUCT_NAME = "$(TARGET_NAME)";
			};
			name = Debug;
		};
		CEC167AA1604DDEF00F125C7 /* Release */ = {
			isa = XCBuildConfiguration;
			buildSettings = {
				GCC_PRECOMPILE_PREFIX_HEADER = YES;
				GCC_PREFIX_HEADER = "DateList/DateList-Prefix.pch";
				PRODUCT_NAME = "$(TARGET_NAME)";
			};
			name = Release;
		};
/* End XCBuildConfiguration section */

/* Begin XCConfigurationList section */
		CEC167931604DDEF00F125C7 /* Build configuration list for PBXProject "DateList" */ = {
			isa = XCConfigurationList;
			buildConfigurations = (
				CEC167A61604DDEF00F125C7 /* Debug */,
				CEC167A71604DDEF00F125C7 /* Release */,
			);
			defaultConfigurationIsVisible = 0;
			defaultConfigurationName = Release;
		};
		CEC167A81604DDEF00F125C7 /* Build configuration list for PBXNativeTarget "DateList" */ = {
			isa = XCConfigurationList;
			buildConfigurations = (
				CEC167A91604DDEF00F125C7 /* Debug */,
				CEC167AA1604DDEF00F125C7 /* Release */,
			);
			defaultConfigurationIsVisible = 0;
		};
/* End XCConfigurationList section */
	};
	rootObject = CEC167901604DDEF00F125C7 /* Project object */;
}
